
Microsoft Visual Studio Solution File, Format Version 12.00
# Visual Studio Version 16
VisualStudioVersion = 16.0.31205.134
MinimumVisualStudioVersion = 10.0.40219.1
Project("{888888A0-9F3D-457C-B088-3A5042F75D52}") = "Hypnogram", "Hypnogram.pyproj", "{8DED3E1E-0485-4466-BAED-EE95CAC73BAC}"
EndProject
Global
	GlobalSection(SolutionConfigurationPlatforms) = preSolution
		Debug|Any CPU = Debug|Any CPU
		Release|Any CPU = Release|Any CPU
	EndGlobalSection
	GlobalSection(ProjectConfigurationPlatforms) = postSolution
		{8DED3E1E-0485-4466-BAED-EE95CAC73BAC}.Debug|Any CPU.ActiveCfg = Debug|Any CPU
		{8DED3E1E-0485-4466-BAED-EE95CAC73BAC}.Release|Any CPU.ActiveCfg = Release|Any CPU
	EndGlobalSection
	GlobalSection(SolutionProperties) = preSolution
		HideSolutionNode = FALSE
	EndGlobalSection
	GlobalSection(ExtensibilityGlobals) = postSolution
		SolutionGuid = {C7A84C44-81D3-418B-BE25-73D8FEC6D039}
	EndGlobalSection
EndGlobal
